// !$*UTF8*$!
{
	archiveVersion = 1;
	classes = {
	};
	objectVersion = 56;
	objects = {

/* Begin PBXBuildFile section */
		3939BDE02B51D4E900578528 /* AppDelegate.swift in Sources */ = {isa = PBXBuildFile; fileRef = 3939BDDF2B51D4E900578528 /* AppDelegate.swift */; };
		3939BDE22B51D4E900578528 /* SceneDelegate.swift in Sources */ = {isa = PBXBuildFile; fileRef = 3939BDE12B51D4E900578528 /* SceneDelegate.swift */; };
		3939BDE42B51D4E900578528 /* ViewController.swift in Sources */ = {isa = PBXBuildFile; fileRef = 3939BDE32B51D4E900578528 /* ViewController.swift */; };
		3939BDE72B51D4E900578528 /* Main.storyboard in Resources */ = {isa = PBXBuildFile; fileRef = 3939BDE52B51D4E900578528 /* Main.storyboard */; };
		3939BDE92B51D4EA00578528 /* Assets.xcassets in Resources */ = {isa = PBXBuildFile; fileRef = 3939BDE82B51D4EA00578528 /* Assets.xcassets */; };
		3939BDEC2B51D4EA00578528 /* LaunchScreen.storyboard in Resources */ = {isa = PBXBuildFile; fileRef = 3939BDEA2B51D4EA00578528 /* LaunchScreen.storyboard */; };
		3939BDF72B51D4EA00578528 /* IOS_ProjectTests.swift in Sources */ = {isa = PBXBuildFile; fileRef = 3939BDF62B51D4EA00578528 /* IOS_ProjectTests.swift */; };
		3939BE012B51D4EA00578528 /* IOS_ProjectUITests.swift in Sources */ = {isa = PBXBuildFile; fileRef = 3939BE002B51D4EA00578528 /* IOS_ProjectUITests.swift */; };
		3939BE032B51D4EA00578528 /* IOS_ProjectUITestsLaunchTests.swift in Sources */ = {isa = PBXBuildFile; fileRef = 3939BE022B51D4EA00578528 /* IOS_ProjectUITestsLaunchTests.swift */; };
/* End PBXBuildFile section */

/* Begin PBXContainerItemProxy section */
		3939BDF32B51D4EA00578528 /* PBXContainerItemProxy */ = {
			isa = PBXContainerItemProxy;
			containerPortal = 3939BDD42B51D4E900578528 /* Project object */;
			proxyType = 1;
			remoteGlobalIDString = 3939BDDB2B51D4E900578528;
			remoteInfo = "IOS Project";
		};
		3939BDFD2B51D4EA00578528 /* PBXContainerItemProxy */ = {
			isa = PBXContainerItemProxy;
			containerPortal = 3939BDD42B51D4E900578528 /* Project object */;
			proxyType = 1;
			remoteGlobalIDString = 3939BDDB2B51D4E900578528;
			remoteInfo = "IOS Project";
		};
/* End PBXContainerItemProxy section */

/* Begin PBXFileReference section */
		3939BDDC2B51D4E900578528 /* IOS Project.app */ = {isa = PBXFileReference; explicitFileType = wrapper.application; includeInIndex = 0; path = "IOS Project.app"; sourceTree = BUILT_PRODUCTS_DIR; };
		3939BDDF2B51D4E900578528 /* AppDelegate.swift */ = {isa = PBXFileReference; lastKnownFileType = sourcecode.swift; path = AppDelegate.swift; sourceTree = "<group>"; };
		3939BDE12B51D4E900578528 /* SceneDelegate.swift */ = {isa = PBXFileReference; lastKnownFileType = sourcecode.swift; path = SceneDelegate.swift; sourceTree = "<group>"; };
		3939BDE32B51D4E900578528 /* ViewController.swift */ = {isa = PBXFileReference; lastKnownFileType = sourcecode.swift; path = ViewController.swift; sourceTree = "<group>"; };
		3939BDE62B51D4E900578528 /* Base */ = {isa = PBXFileReference; lastKnownFileType = file.storyboard; name = Base; path = Base.lproj/Main.storyboard; sourceTree = "<group>"; };
		3939BDE82B51D4EA00578528 /* Assets.xcassets */ = {isa = PBXFileReference; lastKnownFileType = folder.assetcatalog; path = Assets.xcassets; sourceTree = "<group>"; };
		3939BDEB2B51D4EA00578528 /* Base */ = {isa = PBXFileReference; lastKnownFileType = file.storyboard; name = Base; path = Base.lproj/LaunchScreen.storyboard; sourceTree = "<group>"; };
		3939BDED2B51D4EA00578528 /* Info.plist */ = {isa = PBXFileReference; lastKnownFileType = text.plist.xml; path = Info.plist; sourceTree = "<group>"; };
		3939BDF22B51D4EA00578528 /* IOS ProjectTests.xctest */ = {isa = PBXFileReference; explicitFileType = wrapper.cfbundle; includeInIndex = 0; path = "IOS ProjectTests.xctest"; sourceTree = BUILT_PRODUCTS_DIR; };
		3939BDF62B51D4EA00578528 /* IOS_ProjectTests.swift */ = {isa = PBXFileReference; lastKnownFileType = sourcecode.swift; path = IOS_ProjectTests.swift; sourceTree = "<group>"; };
		3939BDFC2B51D4EA00578528 /* IOS ProjectUITests.xctest */ = {isa = PBXFileReference; explicitFileType = wrapper.cfbundle; includeInIndex = 0; path = "IOS ProjectUITests.xctest"; sourceTree = BUILT_PRODUCTS_DIR; };
		3939BE002B51D4EA00578528 /* IOS_ProjectUITests.swift */ = {isa = PBXFileReference; lastKnownFileType = sourcecode.swift; path = IOS_ProjectUITests.swift; sourceTree = "<group>"; };
		3939BE022B51D4EA00578528 /* IOS_ProjectUITestsLaunchTests.swift */ = {isa = PBXFileReference; lastKnownFileType = sourcecode.swift; path = IOS_ProjectUITestsLaunchTests.swift; sourceTree = "<group>"; };
/* End PBXFileReference section */

/* Begin PBXFrameworksBuildPhase section */
		3939BDD92B51D4E900578528 /* Frameworks */ = {
			isa = PBXFrameworksBuildPhase;
			buildActionMask = 2147483647;
			files = (
			);
			runOnlyForDeploymentPostprocessing = 0;
		};
		3939BDEF2B51D4EA00578528 /* Frameworks */ = {
			isa = PBXFrameworksBuildPhase;
			buildActionMask = 2147483647;
			files = (
			);
			runOnlyForDeploymentPostprocessing = 0;
		};
		3939BDF92B51D4EA00578528 /* Frameworks */ = {
			isa = PBXFrameworksBuildPhase;
			buildActionMask = 2147483647;
			files = (
			);
			runOnlyForDeploymentPostprocessing = 0;
		};
/* End PBXFrameworksBuildPhase section */

/* Begin PBXGroup section */
		3939BDD32B51D4E900578528 = {
			isa = PBXGroup;
			children = (
				3939BDDE2B51D4E900578528 /* IOS Project */,
				3939BDF52B51D4EA00578528 /* IOS ProjectTests */,
				3939BDFF2B51D4EA00578528 /* IOS ProjectUITests */,
				3939BDDD2B51D4E900578528 /* Products */,
			);
			sourceTree = "<group>";
		};
		3939BDDD2B51D4E900578528 /* Products */ = {
			isa = PBXGroup;
			children = (
				3939BDDC2B51D4E900578528 /* IOS Project.app */,
				3939BDF22B51D4EA00578528 /* IOS ProjectTests.xctest */,
				3939BDFC2B51D4EA00578528 /* IOS ProjectUITests.xctest */,
			);
			name = Products;
			sourceTree = "<group>";
		};
		3939BDDE2B51D4E900578528 /* IOS Project */ = {
			isa = PBXGroup;
			children = (
				3939BDDF2B51D4E900578528 /* AppDelegate.swift */,
				3939BDE12B51D4E900578528 /* SceneDelegate.swift */,
				3939BDE32B51D4E900578528 /* ViewController.swift */,
				3939BDE52B51D4E900578528 /* Main.storyboard */,
				3939BDE82B51D4EA00578528 /* Assets.xcassets */,
				3939BDEA2B51D4EA00578528 /* LaunchScreen.storyboard */,
				3939BDED2B51D4EA00578528 /* Info.plist */,
			);
			path = "IOS Project";
			sourceTree = "<group>";
		};
		3939BDF52B51D4EA00578528 /* IOS ProjectTests */ = {
			isa = PBXGroup;
			children = (
				3939BDF62B51D4EA00578528 /* IOS_ProjectTests.swift */,
			);
			path = "IOS ProjectTests";
			sourceTree = "<group>";
		};
		3939BDFF2B51D4EA00578528 /* IOS ProjectUITests */ = {
			isa = PBXGroup;
			children = (
				3939BE002B51D4EA00578528 /* IOS_ProjectUITests.swift */,
				3939BE022B51D4EA00578528 /* IOS_ProjectUITestsLaunchTests.swift */,
			);
			path = "IOS ProjectUITests";
			sourceTree = "<group>";
		};
/* End PBXGroup section */

/* Begin PBXNativeTarget section */
		3939BDDB2B51D4E900578528 /* IOS Project */ = {
			isa = PBXNativeTarget;
			buildConfigurationList = 3939BE062B51D4EA00578528 /* Build configuration list for PBXNativeTarget "IOS Project" */;
			buildPhases = (
				3939BDD82B51D4E900578528 /* Sources */,
				3939BDD92B51D4E900578528 /* Frameworks */,
				3939BDDA2B51D4E900578528 /* Resources */,
			);
			buildRules = (
			);
			dependencies = (
			);
			name = "IOS Project";
			productName = "IOS Project";
			productReference = 3939BDDC2B51D4E900578528 /* IOS Project.app */;
			productType = "com.apple.product-type.application";
		};
		3939BDF12B51D4EA00578528 /* IOS ProjectTests */ = {
			isa = PBXNativeTarget;
			buildConfigurationList = 3939BE092B51D4EA00578528 /* Build configuration list for PBXNativeTarget "IOS ProjectTests" */;
			buildPhases = (
				3939BDEE2B51D4EA00578528 /* Sources */,
				3939BDEF2B51D4EA00578528 /* Frameworks */,
				3939BDF02B51D4EA00578528 /* Resources */,
			);
			buildRules = (
			);
			dependencies = (
				3939BDF42B51D4EA00578528 /* PBXTargetDependency */,
			);
			name = "IOS ProjectTests";
			productName = "IOS ProjectTests";
			productReference = 3939BDF22B51D4EA00578528 /* IOS ProjectTests.xctest */;
			productType = "com.apple.product-type.bundle.unit-test";
		};
		3939BDFB2B51D4EA00578528 /* IOS ProjectUITests */ = {
			isa = PBXNativeTarget;
			buildConfigurationList = 3939BE0C2B51D4EA00578528 /* Build configuration list for PBXNativeTarget "IOS ProjectUITests" */;
			buildPhases = (
				3939BDF82B51D4EA00578528 /* Sources */,
				3939BDF92B51D4EA00578528 /* Frameworks */,
				3939BDFA2B51D4EA00578528 /* Resources */,
			);
			buildRules = (
			);
			dependencies = (
				3939BDFE2B51D4EA00578528 /* PBXTargetDependency */,
			);
			name = "IOS ProjectUITests";
			productName = "IOS ProjectUITests";
			productReference = 3939BDFC2B51D4EA00578528 /* IOS ProjectUITests.xctest */;
			productType = "com.apple.product-type.bundle.ui-testing";
		};
/* End PBXNativeTarget section */

/* Begin PBXProject section */
		3939BDD42B51D4E900578528 /* Project object */ = {
			isa = PBXProject;
			attributes = {
				BuildIndependentTargetsInParallel = 1;
				LastSwiftUpdateCheck = 1520;
				LastUpgradeCheck = 1520;
				TargetAttributes = {
					3939BDDB2B51D4E900578528 = {
						CreatedOnToolsVersion = 15.2;
					};
					3939BDF12B51D4EA00578528 = {
						CreatedOnToolsVersion = 15.2;
						TestTargetID = 3939BDDB2B51D4E900578528;
					};
					3939BDFB2B51D4EA00578528 = {
						CreatedOnToolsVersion = 15.2;
						TestTargetID = 3939BDDB2B51D4E900578528;
					};
				};
			};
			buildConfigurationList = 3939BDD72B51D4E900578528 /* Build configuration list for PBXProject "IOS Project" */;
			compatibilityVersion = "Xcode 14.0";
			developmentRegion = en;
			hasScannedForEncodings = 0;
			knownRegions = (
				en,
				Base,
			);
			mainGroup = 3939BDD32B51D4E900578528;
			productRefGroup = 3939BDDD2B51D4E900578528 /* Products */;
			projectDirPath = "";
			projectRoot = "";
			targets = (
				3939BDDB2B51D4E900578528 /* IOS Project */,
				3939BDF12B51D4EA00578528 /* IOS ProjectTests */,
				3939BDFB2B51D4EA00578528 /* IOS ProjectUITests */,
			);
		};
/* End PBXProject section */

/* Begin PBXResourcesBuildPhase section */
		3939BDDA2B51D4E900578528 /* Resources */ = {
			isa = PBXResourcesBuildPhase;
			buildActionMask = 2147483647;
			files = (
				3939BDEC2B51D4EA00578528 /* LaunchScreen.storyboard in Resources */,
				3939BDE92B51D4EA00578528 /* Assets.xcassets in Resources */,
				3939BDE72B51D4E900578528 /* Main.storyboard in Resources */,
			);
			runOnlyForDeploymentPostprocessing = 0;
		};
		3939BDF02B51D4EA00578528 /* Resources */ = {
			isa = PBXResourcesBuildPhase;
			buildActionMask = 2147483647;
			files = (
			);
			runOnlyForDeploymentPostprocessing = 0;
		};
		3939BDFA2B51D4EA00578528 /* Resources */ = {
			isa = PBXResourcesBuildPhase;
			buildActionMask = 2147483647;
			files = (
			);
			runOnlyForDeploymentPostprocessing = 0;
		};
/* End PBXResourcesBuildPhase section */

/* Begin PBXSourcesBuildPhase section */
		3939BDD82B51D4E900578528 /* Sources */ = {
			isa = PBXSourcesBuildPhase;
			buildActionMask = 2147483647;
			files = (
				3939BDE42B51D4E900578528 /* ViewController.swift in Sources */,
				3939BDE02B51D4E900578528 /* AppDelegate.swift in Sources */,
				3939BDE22B51D4E900578528 /* SceneDelegate.swift in Sources */,
			);
			runOnlyForDeploymentPostprocessing = 0;
		};
		3939BDEE2B51D4EA00578528 /* Sources */ = {
			isa = PBXSourcesBuildPhase;
			buildActionMask = 2147483647;
			files = (
				3939BDF72B51D4EA00578528 /* IOS_ProjectTests.swift in Sources */,
			);
			runOnlyForDeploymentPostprocessing = 0;
		};
		3939BDF82B51D4EA00578528 /* Sources */ = {
			isa = PBXSourcesBuildPhase;
			buildActionMask = 2147483647;
			files = (
				3939BE032B51D4EA00578528 /* IOS_ProjectUITestsLaunchTests.swift in Sources */,
				3939BE012B51D4EA00578528 /* IOS_ProjectUITests.swift in Sources */,
			);
			runOnlyForDeploymentPostprocessing = 0;
		};
/* End PBXSourcesBuildPhase section */

/* Begin PBXTargetDependency section */
		3939BDF42B51D4EA00578528 /* PBXTargetDependency */ = {
			isa = PBXTargetDependency;
			target = 3939BDDB2B51D4E900578528 /* IOS Project */;
			targetProxy = 3939BDF32B51D4EA00578528 /* PBXContainerItemProxy */;
		};
		3939BDFE2B51D4EA00578528 /* PBXTargetDependency */ = {
			isa = PBXTargetDependency;
			target = 3939BDDB2B51D4E900578528 /* IOS Project */;
			targetProxy = 3939BDFD2B51D4EA00578528 /* PBXContainerItemProxy */;
		};
/* End PBXTargetDependency section */

/* Begin PBXVariantGroup section */
		3939BDE52B51D4E900578528 /* Main.storyboard */ = {
			isa = PBXVariantGroup;
			children = (
				3939BDE62B51D4E900578528 /* Base */,
			);
			name = Main.storyboard;
			sourceTree = "<group>";
		};
		3939BDEA2B51D4EA00578528 /* LaunchScreen.storyboard */ = {
			isa = PBXVariantGroup;
			children = (
				3939BDEB2B51D4EA00578528 /* Base */,
			);
			name = LaunchScreen.storyboard;
			sourceTree = "<group>";
		};
/* End PBXVariantGroup section */

/* Begin XCBuildConfiguration section */
		3939BE042B51D4EA00578528 /* Debug */ = {
			isa = XCBuildConfiguration;
			buildSettings = {
				ALWAYS_SEARCH_USER_PATHS = NO;
				ASSETCATALOG_COMPILER_GENERATE_SWIFT_ASSET_SYMBOL_EXTENSIONS = YES;
				CLANG_ANALYZER_NONNULL = YES;
				CLANG_ANALYZER_NUMBER_OBJECT_CONVERSION = YES_AGGRESSIVE;
				CLANG_CXX_LANGUAGE_STANDARD = "gnu++20";
				CLANG_ENABLE_MODULES = YES;
				CLANG_ENABLE_OBJC_ARC = YES;
				CLANG_ENABLE_OBJC_WEAK = YES;
				CLANG_WARN_BLOCK_CAPTURE_AUTORELEASING = YES;
				CLANG_WARN_BOOL_CONVERSION = YES;
				CLANG_WARN_COMMA = YES;
				CLANG_WARN_CONSTANT_CONVERSION = YES;
				CLANG_WARN_DEPRECATED_OBJC_IMPLEMENTATIONS = YES;
				CLANG_WARN_DIRECT_OBJC_ISA_USAGE = YES_ERROR;
				CLANG_WARN_DOCUMENTATION_COMMENTS = YES;
				CLANG_WARN_EMPTY_BODY = YES;
				CLANG_WARN_ENUM_CONVERSION = YES;
				CLANG_WARN_INFINITE_RECURSION = YES;
				CLANG_WARN_INT_CONVERSION = YES;
				CLANG_WARN_NON_LITERAL_NULL_CONVERSION = YES;
				CLANG_WARN_OBJC_IMPLICIT_RETAIN_SELF = YES;
				CLANG_WARN_OBJC_LITERAL_CONVERSION = YES;
				CLANG_WARN_OBJC_ROOT_CLASS = YES_ERROR;
				CLANG_WARN_QUOTED_INCLUDE_IN_FRAMEWORK_HEADER = YES;
				CLANG_WARN_RANGE_LOOP_ANALYSIS = YES;
				CLANG_WARN_STRICT_PROTOTYPES = YES;
				CLANG_WARN_SUSPICIOUS_MOVE = YES;
				CLANG_WARN_UNGUARDED_AVAILABILITY = YES_AGGRESSIVE;
				CLANG_WARN_UNREACHABLE_CODE = YES;
				CLANG_WARN__DUPLICATE_METHOD_MATCH = YES;
				COPY_PHASE_STRIP = NO;
				DEBUG_INFORMATION_FORMAT = dwarf;
				ENABLE_STRICT_OBJC_MSGSEND = YES;
				ENABLE_TESTABILITY = YES;
				ENABLE_USER_SCRIPT_SANDBOXING = YES;
				GCC_C_LANGUAGE_STANDARD = gnu17;
				GCC_DYNAMIC_NO_PIC = NO;
				GCC_NO_COMMON_BLOCKS = YES;
				GCC_OPTIMIZATION_LEVEL = 0;
				GCC_PREPROCESSOR_DEFINITIONS = (
					"DEBUG=1",
					"$(inherited)",
				);
				GCC_WARN_64_TO_32_BIT_CONVERSION = YES;
				GCC_WARN_ABOUT_RETURN_TYPE = YES_ERROR;
				GCC_WARN_UNDECLARED_SELECTOR = YES;
				GCC_WARN_UNINITIALIZED_AUTOS = YES_AGGRESSIVE;
				GCC_WARN_UNUSED_FUNCTION = YES;
				GCC_WARN_UNUSED_VARIABLE = YES;
				IPHONEOS_DEPLOYMENT_TARGET = 17.2;
				LOCALIZATION_PREFERS_STRING_CATALOGS = YES;
				MTL_ENABLE_DEBUG_INFO = INCLUDE_SOURCE;
				MTL_FAST_MATH = YES;
				ONLY_ACTIVE_ARCH = YES;
				SDKROOT = iphoneos;
				SWIFT_ACTIVE_COMPILATION_CONDITIONS = "DEBUG $(inherited)";
				SWIFT_OPTIMIZATION_LEVEL = "-Onone";
			};
			name = Debug;
		};
		3939BE052B51D4EA00578528 /* Release */ = {
			isa = XCBuildConfiguration;
			buildSettings = {
				ALWAYS_SEARCH_USER_PATHS = NO;
				ASSETCATALOG_COMPILER_GENERATE_SWIFT_ASSET_SYMBOL_EXTENSIONS = YES;
				CLANG_ANALYZER_NONNULL = YES;
				CLANG_ANALYZER_NUMBER_OBJECT_CONVERSION = YES_AGGRESSIVE;
				CLANG_CXX_LANGUAGE_STANDARD = "gnu++20";
				CLANG_ENABLE_MODULES = YES;
				CLANG_ENABLE_OBJC_ARC = YES;
				CLANG_ENABLE_OBJC_WEAK = YES;
				CLANG_WARN_BLOCK_CAPTURE_AUTORELEASING = YES;
				CLANG_WARN_BOOL_CONVERSION = YES;
				CLANG_WARN_COMMA = YES;
				CLANG_WARN_CONSTANT_CONVERSION = YES;
				CLANG_WARN_DEPRECATED_OBJC_IMPLEMENTATIONS = YES;
				CLANG_WARN_DIRECT_OBJC_ISA_USAGE = YES_ERROR;
				CLANG_WARN_DOCUMENTATION_COMMENTS = YES;
				CLANG_WARN_EMPTY_BODY = YES;
				CLANG_WARN_ENUM_CONVERSION = YES;
				CLANG_WARN_INFINITE_RECURSION = YES;
				CLANG_WARN_INT_CONVERSION = YES;
				CLANG_WARN_NON_LITERAL_NULL_CONVERSION = YES;
				CLANG_WARN_OBJC_IMPLICIT_RETAIN_SELF = YES;
				CLANG_WARN_OBJC_LITERAL_CONVERSION = YES;
				CLANG_WARN_OBJC_ROOT_CLASS = YES_ERROR;
				CLANG_WARN_QUOTED_INCLUDE_IN_FRAMEWORK_HEADER = YES;
				CLANG_WARN_RANGE_LOOP_ANALYSIS = YES;
				CLANG_WARN_STRICT_PROTOTYPES = YES;
				CLANG_WARN_SUSPICIOUS_MOVE = YES;
				CLANG_WARN_UNGUARDED_AVAILABILITY = YES_AGGRESSIVE;
				CLANG_WARN_UNREACHABLE_CODE = YES;
				CLANG_WARN__DUPLICATE_METHOD_MATCH = YES;
				COPY_PHASE_STRIP = NO;
				DEBUG_INFORMATION_FORMAT = "dwarf-with-dsym";
				ENABLE_NS_ASSERTIONS = NO;
				ENABLE_STRICT_OBJC_MSGSEND = YES;
				ENABLE_USER_SCRIPT_SANDBOXING = YES;
				GCC_C_LANGUAGE_STANDARD = gnu17;
				GCC_NO_COMMON_BLOCKS = YES;
				GCC_WARN_64_TO_32_BIT_CONVERSION = YES;
				GCC_WARN_ABOUT_RETURN_TYPE = YES_ERROR;
				GCC_WARN_UNDECLARED_SELECTOR = YES;
				GCC_WARN_UNINITIALIZED_AUTOS = YES_AGGRESSIVE;
				GCC_WARN_UNUSED_FUNCTION = YES;
				GCC_WARN_UNUSED_VARIABLE = YES;
				IPHONEOS_DEPLOYMENT_TARGET = 17.2;
				LOCALIZATION_PREFERS_STRING_CATALOGS = YES;
				MTL_ENABLE_DEBUG_INFO = NO;
				MTL_FAST_MATH = YES;
				SDKROOT = iphoneos;
				SWIFT_COMPILATION_MODE = wholemodule;
				VALIDATE_PRODUCT = YES;
			};
			name = Release;
		};
		3939BE072B51D4EA00578528 /* Debug */ = {
			isa = XCBuildConfiguration;
			buildSettings = {
				ASSETCATALOG_COMPILER_APPICON_NAME = AppIcon;
				ASSETCATALOG_COMPILER_GLOBAL_ACCENT_COLOR_NAME = AccentColor;
				CODE_SIGN_STYLE = Automatic;
				CURRENT_PROJECT_VERSION = 1;
				GENERATE_INFOPLIST_FILE = YES;
				INFOPLIST_FILE = "IOS Project/Info.plist";
				INFOPLIST_KEY_UIApplicationSupportsIndirectInputEvents = YES;
				INFOPLIST_KEY_UILaunchStoryboardName = LaunchScreen;
				INFOPLIST_KEY_UIMainStoryboardFile = Main;
				INFOPLIST_KEY_UISupportedInterfaceOrientations_iPad = "UIInterfaceOrientationPortrait UIInterfaceOrientationPortraitUpsideDown UIInterfaceOrientationLandscapeLeft UIInterfaceOrientationLandscapeRight";
				INFOPLIST_KEY_UISupportedInterfaceOrientations_iPhone = "UIInterfaceOrientationPortrait UIInterfaceOrientationLandscapeLeft UIInterfaceOrientationLandscapeRight";
				LD_RUNPATH_SEARCH_PATHS = (
					"$(inherited)",
					"@executable_path/Frameworks",
				);
				MARKETING_VERSION = 1.0;
				PRODUCT_BUNDLE_IDENTIFIER = "auburn.edu-mzn0069.IOS-Project";
				PRODUCT_NAME = "$(TARGET_NAME)";
				SWIFT_EMIT_LOC_STRINGS = YES;
				SWIFT_VERSION = 5.0;
				TARGETED_DEVICE_FAMILY = "1,2";
			};
			name = Debug;
		};
		3939BE082B51D4EA00578528 /* Release */ = {
			isa = XCBuildConfiguration;
			buildSettings = {
				ASSETCATALOG_COMPILER_APPICON_NAME = AppIcon;
				ASSETCATALOG_COMPILER_GLOBAL_ACCENT_COLOR_NAME = AccentColor;
				CODE_SIGN_STYLE = Automatic;
				CURRENT_PROJECT_VERSION = 1;
				GENERATE_INFOPLIST_FILE = YES;
				INFOPLIST_FILE = "IOS Project/Info.plist";
				INFOPLIST_KEY_UIApplicationSupportsIndirectInputEvents = YES;
				INFOPLIST_KEY_UILaunchStoryboardName = LaunchScreen;
				INFOPLIST_KEY_UIMainStoryboardFile = Main;
				INFOPLIST_KEY_UISupportedInterfaceOrientations_iPad = "UIInterfaceOrientationPortrait UIInterfaceOrientationPortraitUpsideDown UIInterfaceOrientationLandscapeLeft UIInterfaceOrientationLandscapeRight";
				INFOPLIST_KEY_UISupportedInterfaceOrientations_iPhone = "UIInterfaceOrientationPortrait UIInterfaceOrientationLandscapeLeft UIInterfaceOrientationLandscapeRight";
				LD_RUNPATH_SEARCH_PATHS = (
					"$(inherited)",
					"@executable_path/Frameworks",
				);
				MARKETING_VERSION = 1.0;
				PRODUCT_BUNDLE_IDENTIFIER = "auburn.edu-mzn0069.IOS-Project";
				PRODUCT_NAME = "$(TARGET_NAME)";
				SWIFT_EMIT_LOC_STRINGS = YES;
				SWIFT_VERSION = 5.0;
				TARGETED_DEVICE_FAMILY = "1,2";
			};
			name = Release;
		};
		3939BE0A2B51D4EA00578528 /* Debug */ = {
			isa = XCBuildConfiguration;
			buildSettings = {
				ALWAYS_EMBED_SWIFT_STANDARD_LIBRARIES = YES;
				BUNDLE_LOADER = "$(TEST_HOST)";
				CODE_SIGN_STYLE = Automatic;
				CURRENT_PROJECT_VERSION = 1;
				GENERATE_INFOPLIST_FILE = YES;
				IPHONEOS_DEPLOYMENT_TARGET = 17.2;
				MARKETING_VERSION = 1.0;
				PRODUCT_BUNDLE_IDENTIFIER = "auburn.edu-mzn0069.IOS-ProjectTests";
				PRODUCT_NAME = "$(TARGET_NAME)";
				SWIFT_EMIT_LOC_STRINGS = NO;
				SWIFT_VERSION = 5.0;
				TARGETED_DEVICE_FAMILY = "1,2";
				TEST_HOST = "$(BUILT_PRODUCTS_DIR)/IOS Project.app/$(BUNDLE_EXECUTABLE_FOLDER_PATH)/IOS Project";
			};
			name = Debug;
		};
		3939BE0B2B51D4EA00578528 /* Release */ = {
			isa = XCBuildConfiguration;
			buildSettings = {
				ALWAYS_EMBED_SWIFT_STANDARD_LIBRARIES = YES;
				BUNDLE_LOADER = "$(TEST_HOST)";
				CODE_SIGN_STYLE = Automatic;
				CURRENT_PROJECT_VERSION = 1;
				GENERATE_INFOPLIST_FILE = YES;
				IPHONEOS_DEPLOYMENT_TARGET = 17.2;
				MARKETING_VERSION = 1.0;
				PRODUCT_BUNDLE_IDENTIFIER = "auburn.edu-mzn0069.IOS-ProjectTests";
				PRODUCT_NAME = "$(TARGET_NAME)";
				SWIFT_EMIT_LOC_STRINGS = NO;
				SWIFT_VERSION = 5.0;
				TARGETED_DEVICE_FAMILY = "1,2";
				TEST_HOST = "$(BUILT_PRODUCTS_DIR)/IOS Project.app/$(BUNDLE_EXECUTABLE_FOLDER_PATH)/IOS Project";
			};
			name = Release;
		};
		3939BE0D2B51D4EA00578528 /* Debug */ = {
			isa = XCBuildConfiguration;
			buildSettings = {
				ALWAYS_EMBED_SWIFT_STANDARD_LIBRARIES = YES;
				CODE_SIGN_STYLE = Automatic;
				CURRENT_PROJECT_VERSION = 1;
				GENERATE_INFOPLIST_FILE = YES;
				MARKETING_VERSION = 1.0;
				PRODUCT_BUNDLE_IDENTIFIER = "auburn.edu-mzn0069.IOS-ProjectUITests";
				PRODUCT_NAME = "$(TARGET_NAME)";
				SWIFT_EMIT_LOC_STRINGS = NO;
				SWIFT_VERSION = 5.0;
				TARGETED_DEVICE_FAMILY = "1,2";
				TEST_TARGET_NAME = "IOS Project";
			};
			name = Debug;
		};
		3939BE0E2B51D4EA00578528 /* Release */ = {
			isa = XCBuildConfiguration;
			buildSettings = {
				ALWAYS_EMBED_SWIFT_STANDARD_LIBRARIES = YES;
				CODE_SIGN_STYLE = Automatic;
				CURRENT_PROJECT_VERSION = 1;
				GENERATE_INFOPLIST_FILE = YES;
				MARKETING_VERSION = 1.0;
				PRODUCT_BUNDLE_IDENTIFIER = "auburn.edu-mzn0069.IOS-ProjectUITests";
				PRODUCT_NAME = "$(TARGET_NAME)";
				SWIFT_EMIT_LOC_STRINGS = NO;
				SWIFT_VERSION = 5.0;
				TARGETED_DEVICE_FAMILY = "1,2";
				TEST_TARGET_NAME = "IOS Project";
			};
			name = Release;
		};
/* End XCBuildConfiguration section */

/* Begin XCConfigurationList section */
		3939BDD72B51D4E900578528 /* Build configuration list for PBXProject "IOS Project" */ = {
			isa = XCConfigurationList;
			buildConfigurations = (
				3939BE042B51D4EA00578528 /* Debug */,
				3939BE052B51D4EA00578528 /* Release */,
			);
			defaultConfigurationIsVisible = 0;
			defaultConfigurationName = Release;
		};
		3939BE062B51D4EA00578528 /* Build configuration list for PBXNativeTarget "IOS Project" */ = {
			isa = XCConfigurationList;
			buildConfigurations = (
				3939BE072B51D4EA00578528 /* Debug */,
				3939BE082B51D4EA00578528 /* Release */,
			);
			defaultConfigurationIsVisible = 0;
			defaultConfigurationName = Release;
		};
		3939BE092B51D4EA00578528 /* Build configuration list for PBXNativeTarget "IOS ProjectTests" */ = {
			isa = XCConfigurationList;
			buildConfigurations = (
				3939BE0A2B51D4EA00578528 /* Debug */,
				3939BE0B2B51D4EA00578528 /* Release */,
			);
			defaultConfigurationIsVisible = 0;
			defaultConfigurationName = Release;
		};
		3939BE0C2B51D4EA00578528 /* Build configuration list for PBXNativeTarget "IOS ProjectUITests" */ = {
			isa = XCConfigurationList;
			buildConfigurations = (
				3939BE0D2B51D4EA00578528 /* Debug */,
				3939BE0E2B51D4EA00578528 /* Release */,
			);
			defaultConfigurationIsVisible = 0;
			defaultConfigurationName = Release;
		};
/* End XCConfigurationList section */
	};
	rootObject = 3939BDD42B51D4E900578528 /* Project object */;
}
